
Microsoft Visual Studio Solution File, Format Version 12.00
# Visual Studio 15
VisualStudioVersion = 15.0.28307.1062
MinimumVisualStudioVersion = 10.0.40219.1
Project("{9A19103F-16F7-4668-BE54-9A1E7A4F7556}") = "Test", "Test\Test.csproj", "{023D8734-E11B-464E-B769-1DF4E5E32AC2}"
EndProject
Project("{FAE04EC0-301F-11D3-BF4B-00C04F79EFBC}") = "Tasks", "Tasks\Tasks.csproj", "{4270DFB7-8F73-4C73-A392-0F19FFD4EDF4}"
EndProject
Global
	GlobalSection(SolutionConfigurationPlatforms) = preSolution
		Debug|Any CPU = Debug|Any CPU
		Release|Any CPU = Release|Any CPU
	EndGlobalSection
	GlobalSection(ProjectConfigurationPlatforms) = postSolution
		{023D8734-E11B-464E-B769-1DF4E5E32AC2}.Debug|Any CPU.ActiveCfg = Debug|Any CPU
		{023D8734-E11B-464E-B769-1DF4E5E32AC2}.Debug|Any CPU.Build.0 = Debug|Any CPU
		{023D8734-E11B-464E-B769-1DF4E5E32AC2}.Release|Any CPU.ActiveCfg = Release|Any CPU
		{023D8734-E11B-464E-B769-1DF4E5E32AC2}.Release|Any CPU.Build.0 = Release|Any CPU
		{4270DFB7-8F73-4C73-A392-0F19FFD4EDF4}.Debug|Any CPU.ActiveCfg = Debug|Any CPU
		{4270DFB7-8F73-4C73-A392-0F19FFD4EDF4}.Debug|Any CPU.Build.0 = Debug|Any CPU
		{4270DFB7-8F73-4C73-A392-0F19FFD4EDF4}.Release|Any CPU.ActiveCfg = Release|Any CPU
		{4270DFB7-8F73-4C73-A392-0F19FFD4EDF4}.Release|Any CPU.Build.0 = Release|Any CPU
	EndGlobalSection
	GlobalSection(SolutionProperties) = preSolution
		HideSolutionNode = FALSE
	EndGlobalSection
	GlobalSection(ExtensibilityGlobals) = postSolution
		SolutionGuid = {86254F36-1957-44E0-BF42-E2FEFEC6A5DE}
	EndGlobalSection
EndGlobal
